
Microsoft Visual Studio Solution File, Format Version 12.00
# Visual Studio Version 16
VisualStudioVersion = 16.0.29403.142
MinimumVisualStudioVersion = 10.0.40219.1
Project("{FAE04EC0-301F-11D3-BF4B-00C04F79EFBC}") = "hello_world", "hello_world.csproj", "{CFC5C8EF-DCD3-4F64-884A-01E949D24F78}"
EndProject
Global
	GlobalSection(SolutionConfigurationPlatforms) = preSolution
		Debug|Any CPU = Debug|Any CPU
		Release|Any CPU = Release|Any CPU
	EndGlobalSection
	GlobalSection(ProjectConfigurationPlatforms) = postSolution
		{CFC5C8EF-DCD3-4F64-884A-01E949D24F78}.Debug|Any CPU.ActiveCfg = Debug|Any CPU
		{CFC5C8EF-DCD3-4F64-884A-01E949D24F78}.Debug|Any CPU.Build.0 = Debug|Any CPU
		{CFC5C8EF-DCD3-4F64-884A-01E949D24F78}.Release|Any CPU.ActiveCfg = Release|Any CPU
		{CFC5C8EF-DCD3-4F64-884A-01E949D24F78}.Release|Any CPU.Build.0 = Release|Any CPU
	EndGlobalSection
	GlobalSection(SolutionProperties) = preSolution
		HideSolutionNode = FALSE
	EndGlobalSection
	GlobalSection(ExtensibilityGlobals) = postSolution
		SolutionGuid = {0320D4F3-381B-455F-80EF-24E6F55DF64B}
	EndGlobalSection
EndGlobal
