
Microsoft Visual Studio Solution File, Format Version 12.00
# Visual Studio Version 16
VisualStudioVersion = 16.0.29806.167
MinimumVisualStudioVersion = 10.0.40219.1
Project("{FAE04EC0-301F-11D3-BF4B-00C04F79EFBC}") = "PasswordStrength", "PasswordStrength.csproj", "{BC802756-6FB0-4860-8786-C3C357A18572}"
EndProject
Project("{FAE04EC0-301F-11D3-BF4B-00C04F79EFBC}") = "PasswordStrengthTest", "..\PasswordStrengthTest\PasswordStrengthTest.csproj", "{A6ED9BF9-7A19-4167-ABDA-29A4A8218C36}"
EndProject
Global
	GlobalSection(SolutionConfigurationPlatforms) = preSolution
		Debug|Any CPU = Debug|Any CPU
		Release|Any CPU = Release|Any CPU
	EndGlobalSection
	GlobalSection(ProjectConfigurationPlatforms) = postSolution
		{BC802756-6FB0-4860-8786-C3C357A18572}.Debug|Any CPU.ActiveCfg = Debug|Any CPU
		{BC802756-6FB0-4860-8786-C3C357A18572}.Debug|Any CPU.Build.0 = Debug|Any CPU
		{BC802756-6FB0-4860-8786-C3C357A18572}.Release|Any CPU.ActiveCfg = Release|Any CPU
		{BC802756-6FB0-4860-8786-C3C357A18572}.Release|Any CPU.Build.0 = Release|Any CPU
		{A6ED9BF9-7A19-4167-ABDA-29A4A8218C36}.Debug|Any CPU.ActiveCfg = Debug|Any CPU
		{A6ED9BF9-7A19-4167-ABDA-29A4A8218C36}.Debug|Any CPU.Build.0 = Debug|Any CPU
		{A6ED9BF9-7A19-4167-ABDA-29A4A8218C36}.Release|Any CPU.ActiveCfg = Release|Any CPU
		{A6ED9BF9-7A19-4167-ABDA-29A4A8218C36}.Release|Any CPU.Build.0 = Release|Any CPU
	EndGlobalSection
	GlobalSection(SolutionProperties) = preSolution
		HideSolutionNode = FALSE
	EndGlobalSection
	GlobalSection(ExtensibilityGlobals) = postSolution
		SolutionGuid = {2F05AFC5-C7AB-4519-9A43-494F1D15AECE}
	EndGlobalSection
EndGlobal
